
Microsoft Visual Studio Solution File, Format Version 12.00
# Visual Studio Version 16
VisualStudioVersion = 16.0.32002.261
MinimumVisualStudioVersion = 10.0.40219.1
Project("{F184B08F-C81C-45F6-A57F-5ABD9991F28F}") = "Class_Terminals_Part2", "Class_Terminals_Part2\Class_Terminals_Part2.vbproj", "{681330C4-9B3D-4010-A2C9-67EC919B1D90}"
EndProject
Global
	GlobalSection(SolutionConfigurationPlatforms) = preSolution
		Debug|Any CPU = Debug|Any CPU
		Release|Any CPU = Release|Any CPU
	EndGlobalSection
	GlobalSection(ProjectConfigurationPlatforms) = postSolution
		{681330C4-9B3D-4010-A2C9-67EC919B1D90}.Debug|Any CPU.ActiveCfg = Debug|Any CPU
		{681330C4-9B3D-4010-A2C9-67EC919B1D90}.Debug|Any CPU.Build.0 = Debug|Any CPU
		{681330C4-9B3D-4010-A2C9-67EC919B1D90}.Release|Any CPU.ActiveCfg = Release|Any CPU
		{681330C4-9B3D-4010-A2C9-67EC919B1D90}.Release|Any CPU.Build.0 = Release|Any CPU
	EndGlobalSection
	GlobalSection(SolutionProperties) = preSolution
		HideSolutionNode = FALSE
	EndGlobalSection
	GlobalSection(ExtensibilityGlobals) = postSolution
		SolutionGuid = {C143D09F-8018-45F0-9C26-493F105B90A5}
	EndGlobalSection
EndGlobal
